
Microsoft Visual Studio Solution File, Format Version 12.00
# Visual Studio 15
VisualStudioVersion = 15.0.27130.2020
MinimumVisualStudioVersion = 10.0.40219.1
Project("{9A19103F-16F7-4668-BE54-9A1E7A4F7556}") = "SimpleCalculator", "SimpleCalculator\SimpleCalculator.csproj", "{8231993A-07E4-4975-8463-5576785D6766}"
EndProject
Project("{FAE04EC0-301F-11D3-BF4B-00C04F79EFBC}") = "SimpleCanculator.Test.Unit", "SimpleCanculator.Test.Unit\SimpleCanculator.Test.Unit.csproj", "{29F1AB8F-5D49-4C20-AE48-3CB6A4F23432}"
EndProject
Global
	GlobalSection(SolutionConfigurationPlatforms) = preSolution
		Debug|Any CPU = Debug|Any CPU
		Release|Any CPU = Release|Any CPU
	EndGlobalSection
	GlobalSection(ProjectConfigurationPlatforms) = postSolution
		{8231993A-07E4-4975-8463-5576785D6766}.Debug|Any CPU.ActiveCfg = Debug|Any CPU
		{8231993A-07E4-4975-8463-5576785D6766}.Debug|Any CPU.Build.0 = Debug|Any CPU
		{8231993A-07E4-4975-8463-5576785D6766}.Release|Any CPU.ActiveCfg = Release|Any CPU
		{8231993A-07E4-4975-8463-5576785D6766}.Release|Any CPU.Build.0 = Release|Any CPU
		{29F1AB8F-5D49-4C20-AE48-3CB6A4F23432}.Debug|Any CPU.ActiveCfg = Debug|Any CPU
		{29F1AB8F-5D49-4C20-AE48-3CB6A4F23432}.Debug|Any CPU.Build.0 = Debug|Any CPU
		{29F1AB8F-5D49-4C20-AE48-3CB6A4F23432}.Release|Any CPU.ActiveCfg = Release|Any CPU
		{29F1AB8F-5D49-4C20-AE48-3CB6A4F23432}.Release|Any CPU.Build.0 = Release|Any CPU
	EndGlobalSection
	GlobalSection(SolutionProperties) = preSolution
		HideSolutionNode = FALSE
	EndGlobalSection
	GlobalSection(ExtensibilityGlobals) = postSolution
		SolutionGuid = {5E065831-CAF4-48F4-A200-704D64DD062F}
	EndGlobalSection
EndGlobal
