
Microsoft Visual Studio Solution File, Format Version 12.00
# Visual Studio 15
VisualStudioVersion = 15.0.27130.2020
MinimumVisualStudioVersion = 10.0.40219.1
Project("{9A19103F-16F7-4668-BE54-9A1E7A4F7556}") = "SimpleWebScraper", "SimpleWebScraper\SimpleWebScraper.csproj", "{28B6FEE1-1881-4BE7-BD6F-8F7C9F04FC77}"
EndProject
Project("{FAE04EC0-301F-11D3-BF4B-00C04F79EFBC}") = "SimpleWebScraper.Test.Unit", "SimpleWebScraper.Test.Unit\SimpleWebScraper.Test.Unit.csproj", "{921DA515-742E-4DB4-9F3C-1EAE5C9D565B}"
EndProject
Global
	GlobalSection(SolutionConfigurationPlatforms) = preSolution
		Debug|Any CPU = Debug|Any CPU
		Release|Any CPU = Release|Any CPU
	EndGlobalSection
	GlobalSection(ProjectConfigurationPlatforms) = postSolution
		{28B6FEE1-1881-4BE7-BD6F-8F7C9F04FC77}.Debug|Any CPU.ActiveCfg = Debug|Any CPU
		{28B6FEE1-1881-4BE7-BD6F-8F7C9F04FC77}.Debug|Any CPU.Build.0 = Debug|Any CPU
		{28B6FEE1-1881-4BE7-BD6F-8F7C9F04FC77}.Release|Any CPU.ActiveCfg = Release|Any CPU
		{28B6FEE1-1881-4BE7-BD6F-8F7C9F04FC77}.Release|Any CPU.Build.0 = Release|Any CPU
		{921DA515-742E-4DB4-9F3C-1EAE5C9D565B}.Debug|Any CPU.ActiveCfg = Debug|Any CPU
		{921DA515-742E-4DB4-9F3C-1EAE5C9D565B}.Debug|Any CPU.Build.0 = Debug|Any CPU
		{921DA515-742E-4DB4-9F3C-1EAE5C9D565B}.Release|Any CPU.ActiveCfg = Release|Any CPU
		{921DA515-742E-4DB4-9F3C-1EAE5C9D565B}.Release|Any CPU.Build.0 = Release|Any CPU
	EndGlobalSection
	GlobalSection(SolutionProperties) = preSolution
		HideSolutionNode = FALSE
	EndGlobalSection
	GlobalSection(ExtensibilityGlobals) = postSolution
		SolutionGuid = {82B48804-5D91-4A4B-AED0-C2880EBDB8D4}
	EndGlobalSection
EndGlobal
